github.com/tommie/v8go v0.10.1 h1:vxa67u+Pwp4GGqNT8Qyt46/nYMSM7dPxWzhGXgGTojI=
github.com/tommie/v8go v0.10.1/go.mod h1:b6HyyVS6YiDfxTzugsDvnOykgQ0GzPcX8WzGi0U2ZYc=
github.com/tommie/v8go/deps/android_amd64 v0.0.0-20231230103237-af527c0f9162 h1:CHOpv+ZL1edx5JYBp35VbToIc/Zve3+LvdPLogg/AW0=
github.com/tommie/v8go/deps/android_amd64 v0.0.0-20231230103237-af527c0f9162/go.mod h1:+SU4RWSqMXAx2oR/Gzkyc1YAG6F8SCzttMv3sZkh+qY=
github.com/tommie/v8go/deps/android_arm64 v0.0.0-20231230103237-af527c0f9162 h1:3xZ/z33BeyuORT+e7eJvN07L2SMnx9P9seBWbdBMUno=
github.com/tommie/v8go/deps/android_arm64 v0.0.0-20231230103237-af527c0f9162/go.mod h1:cR4ynUc528GmLCLOb3c1iM2d6qZ5DCVHh+eAD7sJDBQ=
github.com/tommie/v8go/deps/darwin_amd64 v0.0.0-20231230103237-af527c0f9162 h1:H3iQLbhHo0KVCtxbzgeO9PCRxuU2ZZ3pr7HGCpv/o4c=
github.com/tommie/v8go/deps/darwin_amd64 v0.0.0-20231230103237-af527c0f9162/go.mod h1:0qn9w9F7mniTrixPYggJNQQtpAkb9OKY3STy3SSEBi4=
github.com/tommie/v8go/deps/darwin_arm64 v0.0.0-20231230103237-af527c0f9162 h1:Ittk3R4WqsCusgMcHHPk7xtx7UMMIgU9ASj86vZUf48=
github.com/tommie/v8go/deps/darwin_arm64 v0.0.0-20231230103237-af527c0f9162/go.mod h1:bd8hssu+JaGC4mIE9SukKia0TYs5v977mNodhgpJrdo=
github.com/tommie/v8go/deps/linux_amd64 v0.0.0-20231230103237-af527c0f9162 h1:vu1mgaf338otcC5gbX2ydkiAvj8zMb0SVQoK4rONj9M=
github.com/tommie/v8go/deps/linux_amd64 v0.0.0-20231230103237-af527c0f9162/go.mod h1:ZKG7g6Rah4/ZRzb07qFrQI/EPSm2PMj1cN/9y4fxgO8=
github.com/tommie/v8go/deps/linux_arm64 v0.0.0-20231230103237-af527c0f9162 h1:hMa9wyDSpc5anaep3xpP4F8netl0au1YpW5pYOuLH08=
github.com/tommie/v8go/deps/linux_arm64 v0.0.0-20231230103237-af527c0f9162/go.mod h1:B/myVnZ82IRgW//OzDnHArcOzW8Yq7FbWnMnYPbZ0Hc=
